// !$*UTF8*$!
{
	archiveVersion = 1;
	classes = {
	};
	objectVersion = 50;
	objects = {

/* Begin PBXBuildFile section */
		B213E93B26634C8600AED5BA /* ChemMateApp.swift in Sources */ = {isa = PBXBuildFile; fileRef = B213E93A26634C8600AED5BA /* ChemMateApp.swift */; };
		B213E93F26634C8800AED5BA /* Assets.xcassets in Resources */ = {isa = PBXBuildFile; fileRef = B213E93E26634C8800AED5BA /* Assets.xcassets */; };
		B213E94226634C8800AED5BA /* Preview Assets.xcassets in Resources */ = {isa = PBXBuildFile; fileRef = B213E94126634C8800AED5BA /* Preview Assets.xcassets */; };
		B213E95126634EEC00AED5BA /* HomeView.swift in Sources */ = {isa = PBXBuildFile; fileRef = B213E95026634EEC00AED5BA /* HomeView.swift */; };
		B213E95426634F2100AED5BA /* ContentModel.swift in Sources */ = {isa = PBXBuildFile; fileRef = B213E95326634F2100AED5BA /* ContentModel.swift */; };
		B213E958266395A800AED5BA /* UseChemicalsView.swift in Sources */ = {isa = PBXBuildFile; fileRef = B213E957266395A800AED5BA /* UseChemicalsView.swift */; };
		B213E95B266395B600AED5BA /* MSDSView.swift in Sources */ = {isa = PBXBuildFile; fileRef = B213E95A266395B600AED5BA /* MSDSView.swift */; };
		B213E95E266395C100AED5BA /* FirstAidView.swift in Sources */ = {isa = PBXBuildFile; fileRef = B213E95D266395C100AED5BA /* FirstAidView.swift */; };
		B213E961266395D100AED5BA /* ReportsUsageView.swift in Sources */ = {isa = PBXBuildFile; fileRef = B213E960266395D100AED5BA /* ReportsUsageView.swift */; };
		B213E964266395E300AED5BA /* PropertySetUpView.swift in Sources */ = {isa = PBXBuildFile; fileRef = B213E963266395E300AED5BA /* PropertySetUpView.swift */; };
		B213E967266395EE00AED5BA /* OrdersView.swift in Sources */ = {isa = PBXBuildFile; fileRef = B213E966266395EE00AED5BA /* OrdersView.swift */; };
		B213E96A266395FF00AED5BA /* AdministrationView.swift in Sources */ = {isa = PBXBuildFile; fileRef = B213E969266395FF00AED5BA /* AdministrationView.swift */; };
		B213E96D2663960E00AED5BA /* ChemicalStocktakeView.swift in Sources */ = {isa = PBXBuildFile; fileRef = B213E96C2663960E00AED5BA /* ChemicalStocktakeView.swift */; };
		B213E99B26742DB500AED5BA /* SwiftUIView.swift in Sources */ = {isa = PBXBuildFile; fileRef = B213E99A26742DB400AED5BA /* SwiftUIView.swift */; };
		B213E9A32674328000AED5BA /* HomeViewButtons.swift in Sources */ = {isa = PBXBuildFile; fileRef = B213E9A22674328000AED5BA /* HomeViewButtons.swift */; };
		B213E9A72674424400AED5BA /* FooterView.swift in Sources */ = {isa = PBXBuildFile; fileRef = B213E9A62674424300AED5BA /* FooterView.swift */; };
		B2F5FEF126746CBE0025F6A6 /* NonHomePageHeader.swift in Sources */ = {isa = PBXBuildFile; fileRef = B2F5FEF026746CBE0025F6A6 /* NonHomePageHeader.swift */; };
/* End PBXBuildFile section */

/* Begin PBXFileReference section */
		B213E93726634C8600AED5BA /* ChemMate.app */ = {isa = PBXFileReference; explicitFileType = wrapper.application; includeInIndex = 0; path = ChemMate.app; sourceTree = BUILT_PRODUCTS_DIR; };
		B213E93A26634C8600AED5BA /* ChemMateApp.swift */ = {isa = PBXFileReference; lastKnownFileType = sourcecode.swift; path = ChemMateApp.swift; sourceTree = "<group>"; };
		B213E93E26634C8800AED5BA /* Assets.xcassets */ = {isa = PBXFileReference; lastKnownFileType = folder.assetcatalog; path = Assets.xcassets; sourceTree = "<group>"; };
		B213E94126634C8800AED5BA /* Preview Assets.xcassets */ = {isa = PBXFileReference; lastKnownFileType = folder.assetcatalog; path = "Preview Assets.xcassets"; sourceTree = "<group>"; };
		B213E94326634C8800AED5BA /* Info.plist */ = {isa = PBXFileReference; lastKnownFileType = text.plist.xml; path = Info.plist; sourceTree = "<group>"; };
		B213E95026634EEC00AED5BA /* HomeView.swift */ = {isa = PBXFileReference; lastKnownFileType = sourcecode.swift; path = HomeView.swift; sourceTree = "<group>"; };
		B213E95326634F2100AED5BA /* ContentModel.swift */ = {isa = PBXFileReference; lastKnownFileType = sourcecode.swift; path = ContentModel.swift; sourceTree = "<group>"; };
		B213E957266395A800AED5BA /* UseChemicalsView.swift */ = {isa = PBXFileReference; lastKnownFileType = sourcecode.swift; path = UseChemicalsView.swift; sourceTree = "<group>"; };
		B213E95A266395B600AED5BA /* MSDSView.swift */ = {isa = PBXFileReference; lastKnownFileType = sourcecode.swift; path = MSDSView.swift; sourceTree = "<group>"; };
		B213E95D266395C100AED5BA /* FirstAidView.swift */ = {isa = PBXFileReference; lastKnownFileType = sourcecode.swift; path = FirstAidView.swift; sourceTree = "<group>"; };
		B213E960266395D100AED5BA /* ReportsUsageView.swift */ = {isa = PBXFileReference; lastKnownFileType = sourcecode.swift; path = ReportsUsageView.swift; sourceTree = "<group>"; };
		B213E963266395E300AED5BA /* PropertySetUpView.swift */ = {isa = PBXFileReference; lastKnownFileType = sourcecode.swift; path = PropertySetUpView.swift; sourceTree = "<group>"; };
		B213E966266395EE00AED5BA /* OrdersView.swift */ = {isa = PBXFileReference; lastKnownFileType = sourcecode.swift; path = OrdersView.swift; sourceTree = "<group>"; };
		B213E969266395FF00AED5BA /* AdministrationView.swift */ = {isa = PBXFileReference; lastKnownFileType = sourcecode.swift; path = AdministrationView.swift; sourceTree = "<group>"; };
		B213E96C2663960E00AED5BA /* ChemicalStocktakeView.swift */ = {isa = PBXFileReference; lastKnownFileType = sourcecode.swift; path = ChemicalStocktakeView.swift; sourceTree = "<group>"; };
		B213E99A26742DB400AED5BA /* SwiftUIView.swift */ = {isa = PBXFileReference; lastKnownFileType = sourcecode.swift; path = SwiftUIView.swift; sourceTree = "<group>"; };
		B213E9A22674328000AED5BA /* HomeViewButtons.swift */ = {isa = PBXFileReference; lastKnownFileType = sourcecode.swift; path = HomeViewButtons.swift; sourceTree = "<group>"; };
		B213E9A62674424300AED5BA /* FooterView.swift */ = {isa = PBXFileReference; lastKnownFileType = sourcecode.swift; path = FooterView.swift; sourceTree = "<group>"; };
		B2F5FEF026746CBE0025F6A6 /* NonHomePageHeader.swift */ = {isa = PBXFileReference; lastKnownFileType = sourcecode.swift; path = NonHomePageHeader.swift; sourceTree = "<group>"; };
/* End PBXFileReference section */

/* Begin PBXFrameworksBuildPhase section */
		B213E93426634C8600AED5BA /* Frameworks */ = {
			isa = PBXFrameworksBuildPhase;
			buildActionMask = 2147483647;
			files = (
			);
			runOnlyForDeploymentPostprocessing = 0;
		};
/* End PBXFrameworksBuildPhase section */

/* Begin PBXGroup section */
		B213E92E26634C8600AED5BA = {
			isa = PBXGroup;
			children = (
				B213E93926634C8600AED5BA /* ChemMate */,
				B213E93826634C8600AED5BA /* Products */,
			);
			sourceTree = "<group>";
		};
		B213E93826634C8600AED5BA /* Products */ = {
			isa = PBXGroup;
			children = (
				B213E93726634C8600AED5BA /* ChemMate.app */,
			);
			name = Products;
			sourceTree = "<group>";
		};
		B213E93926634C8600AED5BA /* ChemMate */ = {
			isa = PBXGroup;
			children = (
				B213E93A26634C8600AED5BA /* ChemMateApp.swift */,
				B213E94A26634CB300AED5BA /* Views */,
				B213E94B26634CBF00AED5BA /* ViewModels */,
				B213E94C26634CC600AED5BA /* Models */,
				B213E94D26634CCC00AED5BA /* Resources */,
				B213E94E26634CD600AED5BA /* Helpers */,
				B213E93E26634C8800AED5BA /* Assets.xcassets */,
				B213E94326634C8800AED5BA /* Info.plist */,
				B213E94026634C8800AED5BA /* Preview Content */,
			);
			path = ChemMate;
			sourceTree = "<group>";
		};
		B213E94026634C8800AED5BA /* Preview Content */ = {
			isa = PBXGroup;
			children = (
				B213E94126634C8800AED5BA /* Preview Assets.xcassets */,
			);
			path = "Preview Content";
			sourceTree = "<group>";
		};
		B213E94A26634CB300AED5BA /* Views */ = {
			isa = PBXGroup;
			children = (
				B213E95026634EEC00AED5BA /* HomeView.swift */,
				B213E957266395A800AED5BA /* UseChemicalsView.swift */,
				B213E95A266395B600AED5BA /* MSDSView.swift */,
				B213E95D266395C100AED5BA /* FirstAidView.swift */,
				B213E960266395D100AED5BA /* ReportsUsageView.swift */,
				B213E963266395E300AED5BA /* PropertySetUpView.swift */,
				B213E966266395EE00AED5BA /* OrdersView.swift */,
				B213E969266395FF00AED5BA /* AdministrationView.swift */,
				B213E96C2663960E00AED5BA /* ChemicalStocktakeView.swift */,
				B213E99A26742DB400AED5BA /* SwiftUIView.swift */,
			);
			path = Views;
			sourceTree = "<group>";
		};
		B213E94B26634CBF00AED5BA /* ViewModels */ = {
			isa = PBXGroup;
			children = (
				B213E95326634F2100AED5BA /* ContentModel.swift */,
				B213E9A22674328000AED5BA /* HomeViewButtons.swift */,
				B213E9A62674424300AED5BA /* FooterView.swift */,
				B2F5FEF026746CBE0025F6A6 /* NonHomePageHeader.swift */,
			);
			path = ViewModels;
			sourceTree = "<group>";
		};
		B213E94C26634CC600AED5BA /* Models */ = {
			isa = PBXGroup;
			children = (
			);
			path = Models;
			sourceTree = "<group>";
		};
		B213E94D26634CCC00AED5BA /* Resources */ = {
			isa = PBXGroup;
			children = (
			);
			path = Resources;
			sourceTree = "<group>";
		};
		B213E94E26634CD600AED5BA /* Helpers */ = {
			isa = PBXGroup;
			children = (
			);
			path = Helpers;
			sourceTree = "<group>";
		};
/* End PBXGroup section */

/* Begin PBXNativeTarget section */
		B213E93626634C8600AED5BA /* ChemMate */ = {
			isa = PBXNativeTarget;
			buildConfigurationList = B213E94626634C8800AED5BA /* Build configuration list for PBXNativeTarget "ChemMate" */;
			buildPhases = (
				B213E93326634C8600AED5BA /* Sources */,
				B213E93426634C8600AED5BA /* Frameworks */,
				B213E93526634C8600AED5BA /* Resources */,
			);
			buildRules = (
			);
			dependencies = (
			);
			name = ChemMate;
			productName = ChemMate;
			productReference = B213E93726634C8600AED5BA /* ChemMate.app */;
			productType = "com.apple.product-type.application";
		};
/* End PBXNativeTarget section */

/* Begin PBXProject section */
		B213E92F26634C8600AED5BA /* Project object */ = {
			isa = PBXProject;
			attributes = {
				LastSwiftUpdateCheck = 1240;
				LastUpgradeCheck = 1240;
				TargetAttributes = {
					B213E93626634C8600AED5BA = {
						CreatedOnToolsVersion = 12.4;
					};
				};
			};
			buildConfigurationList = B213E93226634C8600AED5BA /* Build configuration list for PBXProject "ChemMate" */;
			compatibilityVersion = "Xcode 9.3";
			developmentRegion = en;
			hasScannedForEncodings = 0;
			knownRegions = (
				en,
				Base,
			);
			mainGroup = B213E92E26634C8600AED5BA;
			productRefGroup = B213E93826634C8600AED5BA /* Products */;
			projectDirPath = "";
			projectRoot = "";
			targets = (
				B213E93626634C8600AED5BA /* ChemMate */,
			);
		};
/* End PBXProject section */

/* Begin PBXResourcesBuildPhase section */
		B213E93526634C8600AED5BA /* Resources */ = {
			isa = PBXResourcesBuildPhase;
			buildActionMask = 2147483647;
			files = (
				B213E94226634C8800AED5BA /* Preview Assets.xcassets in Resources */,
				B213E93F26634C8800AED5BA /* Assets.xcassets in Resources */,
			);
			runOnlyForDeploymentPostprocessing = 0;
		};
/* End PBXResourcesBuildPhase section */

/* Begin PBXSourcesBuildPhase section */
		B213E93326634C8600AED5BA /* Sources */ = {
			isa = PBXSourcesBuildPhase;
			buildActionMask = 2147483647;
			files = (
				B213E964266395E300AED5BA /* PropertySetUpView.swift in Sources */,
				B213E9A72674424400AED5BA /* FooterView.swift in Sources */,
				B213E96A266395FF00AED5BA /* AdministrationView.swift in Sources */,
				B213E99B26742DB500AED5BA /* SwiftUIView.swift in Sources */,
				B213E95B266395B600AED5BA /* MSDSView.swift in Sources */,
				B213E961266395D100AED5BA /* ReportsUsageView.swift in Sources */,
				B2F5FEF126746CBE0025F6A6 /* NonHomePageHeader.swift in Sources */,
				B213E95126634EEC00AED5BA /* HomeView.swift in Sources */,
				B213E967266395EE00AED5BA /* OrdersView.swift in Sources */,
				B213E95426634F2100AED5BA /* ContentModel.swift in Sources */,
				B213E958266395A800AED5BA /* UseChemicalsView.swift in Sources */,
				B213E9A32674328000AED5BA /* HomeViewButtons.swift in Sources */,
				B213E96D2663960E00AED5BA /* ChemicalStocktakeView.swift in Sources */,
				B213E93B26634C8600AED5BA /* ChemMateApp.swift in Sources */,
				B213E95E266395C100AED5BA /* FirstAidView.swift in Sources */,
			);
			runOnlyForDeploymentPostprocessing = 0;
		};
/* End PBXSourcesBuildPhase section */

/* Begin XCBuildConfiguration section */
		B213E94426634C8800AED5BA /* Debug */ = {
			isa = XCBuildConfiguration;
			buildSettings = {
				ALWAYS_SEARCH_USER_PATHS = NO;
				CLANG_ANALYZER_NONNULL = YES;
				CLANG_ANALYZER_NUMBER_OBJECT_CONVERSION = YES_AGGRESSIVE;
				CLANG_CXX_LANGUAGE_STANDARD = "gnu++14";
				CLANG_CXX_LIBRARY = "libc++";
				CLANG_ENABLE_MODULES = YES;
				CLANG_ENABLE_OBJC_ARC = YES;
				CLANG_ENABLE_OBJC_WEAK = YES;
				CLANG_WARN_BLOCK_CAPTURE_AUTORELEASING = YES;
				CLANG_WARN_BOOL_CONVERSION = YES;
				CLANG_WARN_COMMA = YES;
				CLANG_WARN_CONSTANT_CONVERSION = YES;
				CLANG_WARN_DEPRECATED_OBJC_IMPLEMENTATIONS = YES;
				CLANG_WARN_DIRECT_OBJC_ISA_USAGE = YES_ERROR;
				CLANG_WARN_DOCUMENTATION_COMMENTS = YES;
				CLANG_WARN_EMPTY_BODY = YES;
				CLANG_WARN_ENUM_CONVERSION = YES;
				CLANG_WARN_INFINITE_RECURSION = YES;
				CLANG_WARN_INT_CONVERSION = YES;
				CLANG_WARN_NON_LITERAL_NULL_CONVERSION = YES;
				CLANG_WARN_OBJC_IMPLICIT_RETAIN_SELF = YES;
				CLANG_WARN_OBJC_LITERAL_CONVERSION = YES;
				CLANG_WARN_OBJC_ROOT_CLASS = YES_ERROR;
				CLANG_WARN_QUOTED_INCLUDE_IN_FRAMEWORK_HEADER = YES;
				CLANG_WARN_RANGE_LOOP_ANALYSIS = YES;
				CLANG_WARN_STRICT_PROTOTYPES = YES;
				CLANG_WARN_SUSPICIOUS_MOVE = YES;
				CLANG_WARN_UNGUARDED_AVAILABILITY = YES_AGGRESSIVE;
				CLANG_WARN_UNREACHABLE_CODE = YES;
				CLANG_WARN__DUPLICATE_METHOD_MATCH = YES;
				COPY_PHASE_STRIP = NO;
				DEBUG_INFORMATION_FORMAT = dwarf;
				ENABLE_STRICT_OBJC_MSGSEND = YES;
				ENABLE_TESTABILITY = YES;
				GCC_C_LANGUAGE_STANDARD = gnu11;
				GCC_DYNAMIC_NO_PIC = NO;
				GCC_NO_COMMON_BLOCKS = YES;
				GCC_OPTIMIZATION_LEVEL = 0;
				GCC_PREPROCESSOR_DEFINITIONS = (
					"DEBUG=1",
					"$(inherited)",
				);
				GCC_WARN_64_TO_32_BIT_CONVERSION = YES;
				GCC_WARN_ABOUT_RETURN_TYPE = YES_ERROR;
				GCC_WARN_UNDECLARED_SELECTOR = YES;
				GCC_WARN_UNINITIALIZED_AUTOS = YES_AGGRESSIVE;
				GCC_WARN_UNUSED_FUNCTION = YES;
				GCC_WARN_UNUSED_VARIABLE = YES;
				IPHONEOS_DEPLOYMENT_TARGET = 14.4;
				MTL_ENABLE_DEBUG_INFO = INCLUDE_SOURCE;
				MTL_FAST_MATH = YES;
				ONLY_ACTIVE_ARCH = YES;
				SDKROOT = iphoneos;
				SWIFT_ACTIVE_COMPILATION_CONDITIONS = DEBUG;
				SWIFT_OPTIMIZATION_LEVEL = "-Onone";
			};
			name = Debug;
		};
		B213E94526634C8800AED5BA /* Release */ = {
			isa = XCBuildConfiguration;
			buildSettings = {
				ALWAYS_SEARCH_USER_PATHS = NO;
				CLANG_ANALYZER_NONNULL = YES;
				CLANG_ANALYZER_NUMBER_OBJECT_CONVERSION = YES_AGGRESSIVE;
				CLANG_CXX_LANGUAGE_STANDARD = "gnu++14";
				CLANG_CXX_LIBRARY = "libc++";
				CLANG_ENABLE_MODULES = YES;
				CLANG_ENABLE_OBJC_ARC = YES;
				CLANG_ENABLE_OBJC_WEAK = YES;
				CLANG_WARN_BLOCK_CAPTURE_AUTORELEASING = YES;
				CLANG_WARN_BOOL_CONVERSION = YES;
				CLANG_WARN_COMMA = YES;
				CLANG_WARN_CONSTANT_CONVERSION = YES;
				CLANG_WARN_DEPRECATED_OBJC_IMPLEMENTATIONS = YES;
				CLANG_WARN_DIRECT_OBJC_ISA_USAGE = YES_ERROR;
				CLANG_WARN_DOCUMENTATION_COMMENTS = YES;
				CLANG_WARN_EMPTY_BODY = YES;
				CLANG_WARN_ENUM_CONVERSION = YES;
				CLANG_WARN_INFINITE_RECURSION = YES;
				CLANG_WARN_INT_CONVERSION = YES;
				CLANG_WARN_NON_LITERAL_NULL_CONVERSION = YES;
				CLANG_WARN_OBJC_IMPLICIT_RETAIN_SELF = YES;
				CLANG_WARN_OBJC_LITERAL_CONVERSION = YES;
				CLANG_WARN_OBJC_ROOT_CLASS = YES_ERROR;
				CLANG_WARN_QUOTED_INCLUDE_IN_FRAMEWORK_HEADER = YES;
				CLANG_WARN_RANGE_LOOP_ANALYSIS = YES;
				CLANG_WARN_STRICT_PROTOTYPES = YES;
				CLANG_WARN_SUSPICIOUS_MOVE = YES;
				CLANG_WARN_UNGUARDED_AVAILABILITY = YES_AGGRESSIVE;
				CLANG_WARN_UNREACHABLE_CODE = YES;
				CLANG_WARN__DUPLICATE_METHOD_MATCH = YES;
				COPY_PHASE_STRIP = NO;
				DEBUG_INFORMATION_FORMAT = "dwarf-with-dsym";
				ENABLE_NS_ASSERTIONS = NO;
				ENABLE_STRICT_OBJC_MSGSEND = YES;
				GCC_C_LANGUAGE_STANDARD = gnu11;
				GCC_NO_COMMON_BLOCKS = YES;
				GCC_WARN_64_TO_32_BIT_CONVERSION = YES;
				GCC_WARN_ABOUT_RETURN_TYPE = YES_ERROR;
				GCC_WARN_UNDECLARED_SELECTOR = YES;
				GCC_WARN_UNINITIALIZED_AUTOS = YES_AGGRESSIVE;
				GCC_WARN_UNUSED_FUNCTION = YES;
				GCC_WARN_UNUSED_VARIABLE = YES;
				IPHONEOS_DEPLOYMENT_TARGET = 14.4;
				MTL_ENABLE_DEBUG_INFO = NO;
				MTL_FAST_MATH = YES;
				SDKROOT = iphoneos;
				SWIFT_COMPILATION_MODE = wholemodule;
				SWIFT_OPTIMIZATION_LEVEL = "-O";
				VALIDATE_PRODUCT = YES;
			};
			name = Release;
		};
		B213E94726634C8800AED5BA /* Debug */ = {
			isa = XCBuildConfiguration;
			buildSettings = {
				ASSETCATALOG_COMPILER_APPICON_NAME = AppIcon;
				ASSETCATALOG_COMPILER_GLOBAL_ACCENT_COLOR_NAME = AccentColor;
				CODE_SIGN_STYLE = Automatic;
				DEVELOPMENT_ASSET_PATHS = "\"ChemMate/Preview Content\"";
				DEVELOPMENT_TEAM = DZHTVEU8Z7;
				ENABLE_PREVIEWS = YES;
				INFOPLIST_FILE = ChemMate/Info.plist;
				IPHONEOS_DEPLOYMENT_TARGET = 14.0;
				LD_RUNPATH_SEARCH_PATHS = (
					"$(inherited)",
					"@executable_path/Frameworks",
				);
				PRODUCT_BUNDLE_IDENTIFIER = com.SeanStarling.ChemMate;
				PRODUCT_NAME = "$(TARGET_NAME)";
				SWIFT_VERSION = 5.0;
				TARGETED_DEVICE_FAMILY = "1,2";
			};
			name = Debug;
		};
		B213E94826634C8800AED5BA /* Release */ = {
			isa = XCBuildConfiguration;
			buildSettings = {
				ASSETCATALOG_COMPILER_APPICON_NAME = AppIcon;
				ASSETCATALOG_COMPILER_GLOBAL_ACCENT_COLOR_NAME = AccentColor;
				CODE_SIGN_STYLE = Automatic;
				DEVELOPMENT_ASSET_PATHS = "\"ChemMate/Preview Content\"";
				DEVELOPMENT_TEAM = DZHTVEU8Z7;
				ENABLE_PREVIEWS = YES;
				INFOPLIST_FILE = ChemMate/Info.plist;
				IPHONEOS_DEPLOYMENT_TARGET = 14.0;
				LD_RUNPATH_SEARCH_PATHS = (
					"$(inherited)",
					"@executable_path/Frameworks",
				);
				PRODUCT_BUNDLE_IDENTIFIER = com.SeanStarling.ChemMate;
				PRODUCT_NAME = "$(TARGET_NAME)";
				SWIFT_VERSION = 5.0;
				TARGETED_DEVICE_FAMILY = "1,2";
			};
			name = Release;
		};
/* End XCBuildConfiguration section */

/* Begin XCConfigurationList section */
		B213E93226634C8600AED5BA /* Build configuration list for PBXProject "ChemMate" */ = {
			isa = XCConfigurationList;
			buildConfigurations = (
				B213E94426634C8800AED5BA /* Debug */,
				B213E94526634C8800AED5BA /* Release */,
			);
			defaultConfigurationIsVisible = 0;
			defaultConfigurationName = Release;
		};
		B213E94626634C8800AED5BA /* Build configuration list for PBXNativeTarget "ChemMate" */ = {
			isa = XCConfigurationList;
			buildConfigurations = (
				B213E94726634C8800AED5BA /* Debug */,
				B213E94826634C8800AED5BA /* Release */,
			);
			defaultConfigurationIsVisible = 0;
			defaultConfigurationName = Release;
		};
/* End XCConfigurationList section */
	};
	rootObject = B213E92F26634C8600AED5BA /* Project object */;
}
